
Microsoft Visual Studio Solution File, Format Version 12.00
# Visual Studio Version 17
VisualStudioVersion = 17.5.33502.453
MinimumVisualStudioVersion = 10.0.40219.1
Project("{FAE04EC0-301F-11D3-BF4B-00C04F79EFBC}") = "mu_tants", "mu_tants\mu_tants.csproj", "{319A2107-DD46-4ED4-8A17-261E508DF33A}"
EndProject
Global
	GlobalSection(SolutionConfigurationPlatforms) = preSolution
		Debug|Any CPU = Debug|Any CPU
		Release|Any CPU = Release|Any CPU
	EndGlobalSection
	GlobalSection(ProjectConfigurationPlatforms) = postSolution
		{319A2107-DD46-4ED4-8A17-261E508DF33A}.Debug|Any CPU.ActiveCfg = Debug|Any CPU
		{319A2107-DD46-4ED4-8A17-261E508DF33A}.Debug|Any CPU.Build.0 = Debug|Any CPU
		{319A2107-DD46-4ED4-8A17-261E508DF33A}.Release|Any CPU.ActiveCfg = Release|Any CPU
		{319A2107-DD46-4ED4-8A17-261E508DF33A}.Release|Any CPU.Build.0 = Release|Any CPU
	EndGlobalSection
	GlobalSection(SolutionProperties) = preSolution
		HideSolutionNode = FALSE
	EndGlobalSection
	GlobalSection(ExtensibilityGlobals) = postSolution
		SolutionGuid = {F0E676FA-D1C9-4405-B3C1-F2D336579B9F}
	EndGlobalSection
EndGlobal
